
Microsoft Visual Studio Solution File, Format Version 12.00
# Visual Studio Version 16
VisualStudioVersion = 16.0.30406.217
MinimumVisualStudioVersion = 10.0.40219.1
Project("{FAE04EC0-301F-11D3-BF4B-00C04F79EFBC}") = "Afip.ServicioWeb", "Afip.ServicioWeb\Afip.ServicioWeb.csproj", "{C0B91083-01C1-496A-8A8B-5F0B3F32D791}"
EndProject
Global
	GlobalSection(SolutionConfigurationPlatforms) = preSolution
		Debug|Any CPU = Debug|Any CPU
		Release|Any CPU = Release|Any CPU
	EndGlobalSection
	GlobalSection(ProjectConfigurationPlatforms) = postSolution
		{C0B91083-01C1-496A-8A8B-5F0B3F32D791}.Debug|Any CPU.ActiveCfg = Debug|Any CPU
		{C0B91083-01C1-496A-8A8B-5F0B3F32D791}.Debug|Any CPU.Build.0 = Debug|Any CPU
		{C0B91083-01C1-496A-8A8B-5F0B3F32D791}.Release|Any CPU.ActiveCfg = Release|Any CPU
		{C0B91083-01C1-496A-8A8B-5F0B3F32D791}.Release|Any CPU.Build.0 = Release|Any CPU
	EndGlobalSection
	GlobalSection(SolutionProperties) = preSolution
		HideSolutionNode = FALSE
	EndGlobalSection
	GlobalSection(ExtensibilityGlobals) = postSolution
		SolutionGuid = {F6BAB2F8-1E6F-4C10-A46A-64C0ED78333A}
	EndGlobalSection
EndGlobal
